
Microsoft Visual Studio Solution File, Format Version 12.00
# Visual Studio 2013
VisualStudioVersion = 12.0.30110.0
MinimumVisualStudioVersion = 10.0.40219.1
Project("{F184B08F-C81C-45F6-A57F-5ABD9991F28F}") = "Sistema_Facturacion_EMFOPESBE", "Sistema_Facturacion\Sistema_Facturacion_EMFOPESBE.vbproj", "{F9ADDCC0-A425-47F9-A72E-3E34538BAE92}"
EndProject
Project("{F184B08F-C81C-45F6-A57F-5ABD9991F28F}") = "Sistema_Facturacion_POSTGRADO", "Sistema_Facturacion_POSTGRADO\Sistema_Facturacion_POSTGRADO.vbproj", "{3FEC8A54-D185-420C-8D97-8CA9BA9BD96C}"
EndProject
Project("{F184B08F-C81C-45F6-A57F-5ABD9991F28F}") = "Sistema_Facturacion_REDRUBI", "Sistema_Facturacion_REDRUBI\Sistema_Facturacion_REDRUBI.vbproj", "{19EAF0D1-AF5A-42D5-85D4-C2FC3389905C}"
EndProject
Project("{F184B08F-C81C-45F6-A57F-5ABD9991F28F}") = "Sistema_Facturacion_FEXPOBENI", "Sistema_Facturacion_FEXPOBENI\Sistema_Facturacion_FEXPOBENI.vbproj", "{06119F73-AF7F-414B-9A85-9D7642D7E583}"
EndProject
Global
	GlobalSection(SolutionConfigurationPlatforms) = preSolution
		Debug|Any CPU = Debug|Any CPU
		Release|Any CPU = Release|Any CPU
	EndGlobalSection
	GlobalSection(ProjectConfigurationPlatforms) = postSolution
		{F9ADDCC0-A425-47F9-A72E-3E34538BAE92}.Debug|Any CPU.ActiveCfg = Debug|Any CPU
		{F9ADDCC0-A425-47F9-A72E-3E34538BAE92}.Debug|Any CPU.Build.0 = Debug|Any CPU
		{F9ADDCC0-A425-47F9-A72E-3E34538BAE92}.Release|Any CPU.ActiveCfg = Release|Any CPU
		{F9ADDCC0-A425-47F9-A72E-3E34538BAE92}.Release|Any CPU.Build.0 = Release|Any CPU
		{3FEC8A54-D185-420C-8D97-8CA9BA9BD96C}.Debug|Any CPU.ActiveCfg = Debug|Any CPU
		{3FEC8A54-D185-420C-8D97-8CA9BA9BD96C}.Debug|Any CPU.Build.0 = Debug|Any CPU
		{3FEC8A54-D185-420C-8D97-8CA9BA9BD96C}.Release|Any CPU.ActiveCfg = Release|Any CPU
		{3FEC8A54-D185-420C-8D97-8CA9BA9BD96C}.Release|Any CPU.Build.0 = Release|Any CPU
		{19EAF0D1-AF5A-42D5-85D4-C2FC3389905C}.Debug|Any CPU.ActiveCfg = Debug|Any CPU
		{19EAF0D1-AF5A-42D5-85D4-C2FC3389905C}.Debug|Any CPU.Build.0 = Debug|Any CPU
		{19EAF0D1-AF5A-42D5-85D4-C2FC3389905C}.Release|Any CPU.ActiveCfg = Release|Any CPU
		{19EAF0D1-AF5A-42D5-85D4-C2FC3389905C}.Release|Any CPU.Build.0 = Release|Any CPU
		{06119F73-AF7F-414B-9A85-9D7642D7E583}.Debug|Any CPU.ActiveCfg = Debug|Any CPU
		{06119F73-AF7F-414B-9A85-9D7642D7E583}.Debug|Any CPU.Build.0 = Debug|Any CPU
		{06119F73-AF7F-414B-9A85-9D7642D7E583}.Release|Any CPU.ActiveCfg = Release|Any CPU
		{06119F73-AF7F-414B-9A85-9D7642D7E583}.Release|Any CPU.Build.0 = Release|Any CPU
	EndGlobalSection
	GlobalSection(SolutionProperties) = preSolution
		HideSolutionNode = FALSE
	EndGlobalSection
EndGlobal
